<Solution>
  <Project Path="TeleCore.APIServer/TeleCore.APIServer.csproj" Id="efa4e9c3-e525-4e84-8227-5c3b6cbee734" />
  <Project Path="TeleCore.Application/TeleCore.Application.csproj" Id="f5aeeeac-03af-4e8d-ad4e-5a36e0f756e9" />
  <Project Path="TeleCore.Domain/TeleCore.Domain.csproj" Id="70f284e4-02e9-4fb6-a2c5-3c422415dec8" />
  <Project Path="TeleCore.Infrastructure/TeleCore.Infrastructure.csproj" Id="064f58f8-5efb-486a-8e20-579b5d3aa791" />
  <Project Path="TeleCore.Mobile/TeleCore.Mobile.csproj">
    <Deploy />
  </Project>
</Solution>
